
Microsoft Visual Studio Solution File, Format Version 12.00
# Visual Studio 14
VisualStudioVersion = 14.0.24720.0
MinimumVisualStudioVersion = 10.0.40219.1
Project("{FAE04EC0-301F-11D3-BF4B-00C04F79EFBC}") = "Dapplo.Owin", "Dapplo.Owin\Dapplo.Owin.csproj", "{C430A9E4-884F-4539-B3BA-CEC5BC44F256}"
EndProject
Project("{FAE04EC0-301F-11D3-BF4B-00C04F79EFBC}") = "Dapplo.Owin.Tests", "Dapplo.Owin.Tests\Dapplo.Owin.Tests.csproj", "{A6E01372-6A6A-4F3D-BF35-16E2C80B7721}"
EndProject
Global
	GlobalSection(SolutionConfigurationPlatforms) = preSolution
		Debug|Any CPU = Debug|Any CPU
		Release|Any CPU = Release|Any CPU
	EndGlobalSection
	GlobalSection(ProjectConfigurationPlatforms) = postSolution
		{C430A9E4-884F-4539-B3BA-CEC5BC44F256}.Debug|Any CPU.ActiveCfg = Debug|Any CPU
		{C430A9E4-884F-4539-B3BA-CEC5BC44F256}.Debug|Any CPU.Build.0 = Debug|Any CPU
		{C430A9E4-884F-4539-B3BA-CEC5BC44F256}.Release|Any CPU.ActiveCfg = Release|Any CPU
		{C430A9E4-884F-4539-B3BA-CEC5BC44F256}.Release|Any CPU.Build.0 = Release|Any CPU
		{E7507644-FAFE-4682-8A70-A80BC9DB980F}.Debug|Any CPU.ActiveCfg = Debug|Any CPU
		{E7507644-FAFE-4682-8A70-A80BC9DB980F}.Debug|Any CPU.Build.0 = Debug|Any CPU
		{E7507644-FAFE-4682-8A70-A80BC9DB980F}.Release|Any CPU.ActiveCfg = Release|Any CPU
		{E7507644-FAFE-4682-8A70-A80BC9DB980F}.Release|Any CPU.Build.0 = Release|Any CPU
	EndGlobalSection
	GlobalSection(SolutionProperties) = preSolution
		HideSolutionNode = FALSE
	EndGlobalSection
EndGlobal
